
Microsoft Visual Studio Solution File, Format Version 12.00
# Visual Studio Version 17
VisualStudioVersion = 17.5.33502.453
MinimumVisualStudioVersion = 10.0.40219.1
Project("{FAE04EC0-301F-11D3-BF4B-00C04F79EFBC}") = "RABBITMQ-TUTORIAL", "RABBITMQ-TUTORIAL\RABBITMQ-TUTORIAL.csproj", "{C02CC5F5-9C00-475F-95BE-A2A2B88D7182}"
EndProject
Project("{FAE04EC0-301F-11D3-BF4B-00C04F79EFBC}") = "RABBITMQ-TUTORIAL.CONSUMER", "RABBITMQ-TUTORIAL.CONSUMER\RABBITMQ-TUTORIAL.CONSUMER.csproj", "{19E032A0-7C79-4471-9A0F-63F5494F1175}"
EndProject
Global
	GlobalSection(SolutionConfigurationPlatforms) = preSolution
		Debug|Any CPU = Debug|Any CPU
		Release|Any CPU = Release|Any CPU
	EndGlobalSection
	GlobalSection(ProjectConfigurationPlatforms) = postSolution
		{C02CC5F5-9C00-475F-95BE-A2A2B88D7182}.Debug|Any CPU.ActiveCfg = Debug|Any CPU
		{C02CC5F5-9C00-475F-95BE-A2A2B88D7182}.Debug|Any CPU.Build.0 = Debug|Any CPU
		{C02CC5F5-9C00-475F-95BE-A2A2B88D7182}.Release|Any CPU.ActiveCfg = Release|Any CPU
		{C02CC5F5-9C00-475F-95BE-A2A2B88D7182}.Release|Any CPU.Build.0 = Release|Any CPU
		{19E032A0-7C79-4471-9A0F-63F5494F1175}.Debug|Any CPU.ActiveCfg = Debug|Any CPU
		{19E032A0-7C79-4471-9A0F-63F5494F1175}.Debug|Any CPU.Build.0 = Debug|Any CPU
		{19E032A0-7C79-4471-9A0F-63F5494F1175}.Release|Any CPU.ActiveCfg = Release|Any CPU
		{19E032A0-7C79-4471-9A0F-63F5494F1175}.Release|Any CPU.Build.0 = Release|Any CPU
	EndGlobalSection
	GlobalSection(SolutionProperties) = preSolution
		HideSolutionNode = FALSE
	EndGlobalSection
	GlobalSection(ExtensibilityGlobals) = postSolution
		SolutionGuid = {864C5687-6E20-43B5-AD35-B7B04345BD94}
	EndGlobalSection
EndGlobal
